{
  "version": 4,
  "terraform_version": "1.3.3",
  "serial": 10,
  "lineage": "fe3ed397-3872-b36f-1da5-d02ef542763e",
  "outputs": {},
  "resources": [
    {
      "mode": "managed",
      "type": "aws_instance",
      "name": "servidor-marcelo-1",
      "provider": "provider[\"registry.terraform.io/hashicorp/aws\"]",
      "instances": [
        {
          "schema_version": 1,
          "attributes": {
            "ami": "ami-097a2df4ac947655f",
            "arn": "arn:aws:ec2:us-east-2:405378853534:instance/i-0c0e72561f8fcb103",
            "associate_public_ip_address": true,
            "availability_zone": "us-east-2c",
            "capacity_reservation_specification": [
              {
                "capacity_reservation_preference": "open",
                "capacity_reservation_target": []
              }
            ],
            "cpu_core_count": 1,
            "cpu_threads_per_core": 1,
            "credit_specification": [
              {
                "cpu_credits": "standard"
              }
            ],
            "disable_api_stop": false,
            "disable_api_termination": false,
            "ebs_block_device": [],
            "ebs_optimized": false,
            "enclave_options": [
              {
                "enabled": false
              }
            ],
            "ephemeral_block_device": [],
            "get_password_data": false,
            "hibernation": false,
            "host_id": null,
            "host_resource_group_arn": null,
            "iam_instance_profile": "",
            "id": "i-0c0e72561f8fcb103",
            "instance_initiated_shutdown_behavior": "stop",
            "instance_state": "running",
            "instance_type": "t2.micro",
            "ipv6_address_count": 0,
            "ipv6_addresses": [],
            "key_name": "key-marcelo-2",
            "launch_template": [],
            "maintenance_options": [
              {
                "auto_recovery": "default"
              }
            ],
            "metadata_options": [
              {
                "http_endpoint": "enabled",
                "http_put_response_hop_limit": 1,
                "http_tokens": "optional",
                "instance_metadata_tags": "disabled"
              }
            ],
            "monitoring": false,
            "network_interface": [],
            "outpost_arn": "",
            "password_data": "",
            "placement_group": "",
            "placement_partition_number": null,
            "primary_network_interface_id": "eni-0e594997d8c7ee911",
            "private_dns": "ip-172-31-44-164.us-east-2.compute.internal",
            "private_dns_name_options": [
              {
                "enable_resource_name_dns_a_record": false,
                "enable_resource_name_dns_aaaa_record": false,
                "hostname_type": "ip-name"
              }
            ],
            "private_ip": "172.31.44.164",
            "public_dns": "ec2-18-216-159-153.us-east-2.compute.amazonaws.com",
            "public_ip": "18.216.159.153",
            "root_block_device": [
              {
                "delete_on_termination": true,
                "device_name": "/dev/sda1",
                "encrypted": false,
                "iops": 100,
                "kms_key_id": "",
                "tags": {},
                "throughput": 0,
                "volume_id": "vol-010267ee87bd97c08",
                "volume_size": 8,
                "volume_type": "gp2"
              }
            ],
            "secondary_private_ips": [],
            "security_groups": [
              "default"
            ],
            "source_dest_check": true,
            "subnet_id": "subnet-04fee30151d0af0e5",
            "tags": null,
            "tags_all": {},
            "tenancy": "default",
            "timeouts": null,
            "user_data": null,
            "user_data_base64": null,
            "user_data_replace_on_change": false,
            "volume_tags": null,
            "vpc_security_group_ids": [
              "sg-0ddbb994a4fcb7f64"
            ]
          },
          "sensitive_attributes": [],
          "private": "eyJlMmJmYjczMC1lY2FhLTExZTYtOGY4OC0zNDM2M2JjN2M0YzAiOnsiY3JlYXRlIjo2MDAwMDAwMDAwMDAsImRlbGV0ZSI6MTIwMDAwMDAwMDAwMCwidXBkYXRlIjo2MDAwMDAwMDAwMDB9LCJzY2hlbWFfdmVyc2lvbiI6IjEifQ=="
        }
      ]
    },
    {
      "mode": "managed",
      "type": "aws_key_pair",
      "name": "terraform",
      "provider": "provider[\"registry.terraform.io/hashicorp/aws\"]",
      "instances": [
        {
          "schema_version": 1,
          "attributes": {
            "arn": "arn:aws:ec2:us-east-2:405378853534:key-pair/key-marcelo-2",
            "fingerprint": "f5:da:3f:23:53:99:c2:e3:13:bd:cc:04:54:93:88:32",
            "id": "key-marcelo-2",
            "key_name": "key-marcelo-2",
            "key_name_prefix": "",
            "key_pair_id": "key-0ecf4a6f0ecdc9f39",
            "key_type": "rsa",
            "public_key": "ssh-rsa AAAAB3NzaC1yc2EAAAADAQABAAABgQC9avfzt0NAKsEPBBf+tBg5OKhrSF5CAH9eDyTxRHdI6Da4vmjxofxhPJy4LWg8/AFmq+IQRtJ1yGRRrSDdJgTbwc9c0oVBnddJudRj1WLyAZl1LGINl0RtQdHEeXoCeS3thdvQEjQL+TJt34UYe29DjCfBDpKDm25ITSidDOdcU17BGdl6rE/rJI/9vUipJUXRyRTw5cpn//MukXAizY6LjVir7r6+N6HPwwU76Vr05ghfH0utVPExtOlonMJl5MKiA9E9C88sdh3gwfC6vllXozGVOXtMp5ytSGkTAiKFJgVdzMdGS3iHVRiXjnT3Dz+4UA8veVykCxM9uuCapecvZnFonnivgUTMwPyVWJXdIPtGG4hgKO93jT5l7OkrmHb+t6MS1Vw8sARJJJSqQQNTFACxRV9bw9qUN2AXhFNRNiW6qv3zMRmxUVL2XSSZAbDSxmf3VsgoWuf9Xio+YxQNx0CnKrfJ/WxeX3A+jgYQ5DU1LzxvxenDXDd9pzuXsr8= marcelo.muniz@SPON019403167",
            "tags": null,
            "tags_all": {}
          },
          "sensitive_attributes": [],
          "private": "eyJzY2hlbWFfdmVyc2lvbiI6IjEifQ=="
        }
      ]
    }
  ],
  "check_results": []
}
